// !$*UTF8*$!
{
	archiveVersion = 1;
	classes = {
	};
	objectVersion = 50;
	objects = {

/* Begin PBXBuildFile section */
		C34EC054274245C100BF25AD /* DemoAppApp.swift in Sources */ = {isa = PBXBuildFile; fileRef = C34EC053274245C100BF25AD /* DemoAppApp.swift */; };
		C34EC056274245C100BF25AD /* ContentView.swift in Sources */ = {isa = PBXBuildFile; fileRef = C34EC055274245C100BF25AD /* ContentView.swift */; };
		C34EC058274245C400BF25AD /* Assets.xcassets in Resources */ = {isa = PBXBuildFile; fileRef = C34EC057274245C400BF25AD /* Assets.xcassets */; };
		C34EC05B274245C400BF25AD /* Preview Assets.xcassets in Resources */ = {isa = PBXBuildFile; fileRef = C34EC05A274245C400BF25AD /* Preview Assets.xcassets */; };
		C34EC064274245F000BF25AD /* IncidentDashboard.swift in Sources */ = {isa = PBXBuildFile; fileRef = C34EC063274245F000BF25AD /* IncidentDashboard.swift */; };
		C357CB292769D0A40087F92D /* IncidanceStatesView.swift in Sources */ = {isa = PBXBuildFile; fileRef = C357CB282769D0A40087F92D /* IncidanceStatesView.swift */; };
		C36B11DA27D0C4F90036D38F /* NPCalenderView.swift in Sources */ = {isa = PBXBuildFile; fileRef = C36B11D927D0C4F90036D38F /* NPCalenderView.swift */; };
/* End PBXBuildFile section */

/* Begin PBXFileReference section */
		C34EC050274245C100BF25AD /* DemoApp.app */ = {isa = PBXFileReference; explicitFileType = wrapper.application; includeInIndex = 0; path = DemoApp.app; sourceTree = BUILT_PRODUCTS_DIR; };
		C34EC053274245C100BF25AD /* DemoAppApp.swift */ = {isa = PBXFileReference; lastKnownFileType = sourcecode.swift; path = DemoAppApp.swift; sourceTree = "<group>"; };
		C34EC055274245C100BF25AD /* ContentView.swift */ = {isa = PBXFileReference; lastKnownFileType = sourcecode.swift; path = ContentView.swift; sourceTree = "<group>"; };
		C34EC057274245C400BF25AD /* Assets.xcassets */ = {isa = PBXFileReference; lastKnownFileType = folder.assetcatalog; path = Assets.xcassets; sourceTree = "<group>"; };
		C34EC05A274245C400BF25AD /* Preview Assets.xcassets */ = {isa = PBXFileReference; lastKnownFileType = folder.assetcatalog; path = "Preview Assets.xcassets"; sourceTree = "<group>"; };
		C34EC05C274245C400BF25AD /* Info.plist */ = {isa = PBXFileReference; lastKnownFileType = text.plist.xml; path = Info.plist; sourceTree = "<group>"; };
		C34EC063274245F000BF25AD /* IncidentDashboard.swift */ = {isa = PBXFileReference; lastKnownFileType = sourcecode.swift; path = IncidentDashboard.swift; sourceTree = "<group>"; };
		C357CB282769D0A40087F92D /* IncidanceStatesView.swift */ = {isa = PBXFileReference; lastKnownFileType = sourcecode.swift; path = IncidanceStatesView.swift; sourceTree = "<group>"; };
		C36B11D927D0C4F90036D38F /* NPCalenderView.swift */ = {isa = PBXFileReference; lastKnownFileType = sourcecode.swift; path = NPCalenderView.swift; sourceTree = "<group>"; };
/* End PBXFileReference section */

/* Begin PBXFrameworksBuildPhase section */
		C34EC04D274245C100BF25AD /* Frameworks */ = {
			isa = PBXFrameworksBuildPhase;
			buildActionMask = 2147483647;
			files = (
			);
			runOnlyForDeploymentPostprocessing = 0;
		};
/* End PBXFrameworksBuildPhase section */

/* Begin PBXGroup section */
		C34EC047274245C000BF25AD = {
			isa = PBXGroup;
			children = (
				C34EC052274245C100BF25AD /* DemoApp */,
				C34EC051274245C100BF25AD /* Products */,
			);
			sourceTree = "<group>";
		};
		C34EC051274245C100BF25AD /* Products */ = {
			isa = PBXGroup;
			children = (
				C34EC050274245C100BF25AD /* DemoApp.app */,
			);
			name = Products;
			sourceTree = "<group>";
		};
		C34EC052274245C100BF25AD /* DemoApp */ = {
			isa = PBXGroup;
			children = (
				C34EC053274245C100BF25AD /* DemoAppApp.swift */,
				C34EC055274245C100BF25AD /* ContentView.swift */,
				C34EC057274245C400BF25AD /* Assets.xcassets */,
				C34EC05C274245C400BF25AD /* Info.plist */,
				C34EC059274245C400BF25AD /* Preview Content */,
				C34EC063274245F000BF25AD /* IncidentDashboard.swift */,
				C357CB282769D0A40087F92D /* IncidanceStatesView.swift */,
				C36B11D927D0C4F90036D38F /* NPCalenderView.swift */,
			);
			path = DemoApp;
			sourceTree = "<group>";
		};
		C34EC059274245C400BF25AD /* Preview Content */ = {
			isa = PBXGroup;
			children = (
				C34EC05A274245C400BF25AD /* Preview Assets.xcassets */,
			);
			path = "Preview Content";
			sourceTree = "<group>";
		};
/* End PBXGroup section */

/* Begin PBXNativeTarget section */
		C34EC04F274245C100BF25AD /* DemoApp */ = {
			isa = PBXNativeTarget;
			buildConfigurationList = C34EC05F274245C400BF25AD /* Build configuration list for PBXNativeTarget "DemoApp" */;
			buildPhases = (
				C34EC04C274245C100BF25AD /* Sources */,
				C34EC04D274245C100BF25AD /* Frameworks */,
				C34EC04E274245C100BF25AD /* Resources */,
			);
			buildRules = (
			);
			dependencies = (
			);
			name = DemoApp;
			productName = DemoApp;
			productReference = C34EC050274245C100BF25AD /* DemoApp.app */;
			productType = "com.apple.product-type.application";
		};
/* End PBXNativeTarget section */

/* Begin PBXProject section */
		C34EC048274245C000BF25AD /* Project object */ = {
			isa = PBXProject;
			attributes = {
				LastSwiftUpdateCheck = 1240;
				LastUpgradeCheck = 1240;
				TargetAttributes = {
					C34EC04F274245C100BF25AD = {
						CreatedOnToolsVersion = 12.4;
					};
				};
			};
			buildConfigurationList = C34EC04B274245C000BF25AD /* Build configuration list for PBXProject "DemoApp" */;
			compatibilityVersion = "Xcode 9.3";
			developmentRegion = en;
			hasScannedForEncodings = 0;
			knownRegions = (
				en,
				Base,
			);
			mainGroup = C34EC047274245C000BF25AD;
			productRefGroup = C34EC051274245C100BF25AD /* Products */;
			projectDirPath = "";
			projectRoot = "";
			targets = (
				C34EC04F274245C100BF25AD /* DemoApp */,
			);
		};
/* End PBXProject section */

/* Begin PBXResourcesBuildPhase section */
		C34EC04E274245C100BF25AD /* Resources */ = {
			isa = PBXResourcesBuildPhase;
			buildActionMask = 2147483647;
			files = (
				C34EC05B274245C400BF25AD /* Preview Assets.xcassets in Resources */,
				C34EC058274245C400BF25AD /* Assets.xcassets in Resources */,
			);
			runOnlyForDeploymentPostprocessing = 0;
		};
/* End PBXResourcesBuildPhase section */

/* Begin PBXSourcesBuildPhase section */
		C34EC04C274245C100BF25AD /* Sources */ = {
			isa = PBXSourcesBuildPhase;
			buildActionMask = 2147483647;
			files = (
				C34EC056274245C100BF25AD /* ContentView.swift in Sources */,
				C36B11DA27D0C4F90036D38F /* NPCalenderView.swift in Sources */,
				C357CB292769D0A40087F92D /* IncidanceStatesView.swift in Sources */,
				C34EC064274245F000BF25AD /* IncidentDashboard.swift in Sources */,
				C34EC054274245C100BF25AD /* DemoAppApp.swift in Sources */,
			);
			runOnlyForDeploymentPostprocessing = 0;
		};
/* End PBXSourcesBuildPhase section */

/* Begin XCBuildConfiguration section */
		C34EC05D274245C400BF25AD /* Debug */ = {
			isa = XCBuildConfiguration;
			buildSettings = {
				ALWAYS_SEARCH_USER_PATHS = NO;
				CLANG_ANALYZER_NONNULL = YES;
				CLANG_ANALYZER_NUMBER_OBJECT_CONVERSION = YES_AGGRESSIVE;
				CLANG_CXX_LANGUAGE_STANDARD = "gnu++14";
				CLANG_CXX_LIBRARY = "libc++";
				CLANG_ENABLE_MODULES = YES;
				CLANG_ENABLE_OBJC_ARC = YES;
				CLANG_ENABLE_OBJC_WEAK = YES;
				CLANG_WARN_BLOCK_CAPTURE_AUTORELEASING = YES;
				CLANG_WARN_BOOL_CONVERSION = YES;
				CLANG_WARN_COMMA = YES;
				CLANG_WARN_CONSTANT_CONVERSION = YES;
				CLANG_WARN_DEPRECATED_OBJC_IMPLEMENTATIONS = YES;
				CLANG_WARN_DIRECT_OBJC_ISA_USAGE = YES_ERROR;
				CLANG_WARN_DOCUMENTATION_COMMENTS = YES;
				CLANG_WARN_EMPTY_BODY = YES;
				CLANG_WARN_ENUM_CONVERSION = YES;
				CLANG_WARN_INFINITE_RECURSION = YES;
				CLANG_WARN_INT_CONVERSION = YES;
				CLANG_WARN_NON_LITERAL_NULL_CONVERSION = YES;
				CLANG_WARN_OBJC_IMPLICIT_RETAIN_SELF = YES;
				CLANG_WARN_OBJC_LITERAL_CONVERSION = YES;
				CLANG_WARN_OBJC_ROOT_CLASS = YES_ERROR;
				CLANG_WARN_QUOTED_INCLUDE_IN_FRAMEWORK_HEADER = YES;
				CLANG_WARN_RANGE_LOOP_ANALYSIS = YES;
				CLANG_WARN_STRICT_PROTOTYPES = YES;
				CLANG_WARN_SUSPICIOUS_MOVE = YES;
				CLANG_WARN_UNGUARDED_AVAILABILITY = YES_AGGRESSIVE;
				CLANG_WARN_UNREACHABLE_CODE = YES;
				CLANG_WARN__DUPLICATE_METHOD_MATCH = YES;
				COPY_PHASE_STRIP = NO;
				DEBUG_INFORMATION_FORMAT = dwarf;
				ENABLE_STRICT_OBJC_MSGSEND = YES;
				ENABLE_TESTABILITY = YES;
				GCC_C_LANGUAGE_STANDARD = gnu11;
				GCC_DYNAMIC_NO_PIC = NO;
				GCC_NO_COMMON_BLOCKS = YES;
				GCC_OPTIMIZATION_LEVEL = 0;
				GCC_PREPROCESSOR_DEFINITIONS = (
					"DEBUG=1",
					"$(inherited)",
				);
				GCC_WARN_64_TO_32_BIT_CONVERSION = YES;
				GCC_WARN_ABOUT_RETURN_TYPE = YES_ERROR;
				GCC_WARN_UNDECLARED_SELECTOR = YES;
				GCC_WARN_UNINITIALIZED_AUTOS = YES_AGGRESSIVE;
				GCC_WARN_UNUSED_FUNCTION = YES;
				GCC_WARN_UNUSED_VARIABLE = YES;
				IPHONEOS_DEPLOYMENT_TARGET = 14.4;
				MTL_ENABLE_DEBUG_INFO = INCLUDE_SOURCE;
				MTL_FAST_MATH = YES;
				ONLY_ACTIVE_ARCH = YES;
				SDKROOT = iphoneos;
				SWIFT_ACTIVE_COMPILATION_CONDITIONS = DEBUG;
				SWIFT_OPTIMIZATION_LEVEL = "-Onone";
			};
			name = Debug;
		};
		C34EC05E274245C400BF25AD /* Release */ = {
			isa = XCBuildConfiguration;
			buildSettings = {
				ALWAYS_SEARCH_USER_PATHS = NO;
				CLANG_ANALYZER_NONNULL = YES;
				CLANG_ANALYZER_NUMBER_OBJECT_CONVERSION = YES_AGGRESSIVE;
				CLANG_CXX_LANGUAGE_STANDARD = "gnu++14";
				CLANG_CXX_LIBRARY = "libc++";
				CLANG_ENABLE_MODULES = YES;
				CLANG_ENABLE_OBJC_ARC = YES;
				CLANG_ENABLE_OBJC_WEAK = YES;
				CLANG_WARN_BLOCK_CAPTURE_AUTORELEASING = YES;
				CLANG_WARN_BOOL_CONVERSION = YES;
				CLANG_WARN_COMMA = YES;
				CLANG_WARN_CONSTANT_CONVERSION = YES;
				CLANG_WARN_DEPRECATED_OBJC_IMPLEMENTATIONS = YES;
				CLANG_WARN_DIRECT_OBJC_ISA_USAGE = YES_ERROR;
				CLANG_WARN_DOCUMENTATION_COMMENTS = YES;
				CLANG_WARN_EMPTY_BODY = YES;
				CLANG_WARN_ENUM_CONVERSION = YES;
				CLANG_WARN_INFINITE_RECURSION = YES;
				CLANG_WARN_INT_CONVERSION = YES;
				CLANG_WARN_NON_LITERAL_NULL_CONVERSION = YES;
				CLANG_WARN_OBJC_IMPLICIT_RETAIN_SELF = YES;
				CLANG_WARN_OBJC_LITERAL_CONVERSION = YES;
				CLANG_WARN_OBJC_ROOT_CLASS = YES_ERROR;
				CLANG_WARN_QUOTED_INCLUDE_IN_FRAMEWORK_HEADER = YES;
				CLANG_WARN_RANGE_LOOP_ANALYSIS = YES;
				CLANG_WARN_STRICT_PROTOTYPES = YES;
				CLANG_WARN_SUSPICIOUS_MOVE = YES;
				CLANG_WARN_UNGUARDED_AVAILABILITY = YES_AGGRESSIVE;
				CLANG_WARN_UNREACHABLE_CODE = YES;
				CLANG_WARN__DUPLICATE_METHOD_MATCH = YES;
				COPY_PHASE_STRIP = NO;
				DEBUG_INFORMATION_FORMAT = "dwarf-with-dsym";
				ENABLE_NS_ASSERTIONS = NO;
				ENABLE_STRICT_OBJC_MSGSEND = YES;
				GCC_C_LANGUAGE_STANDARD = gnu11;
				GCC_NO_COMMON_BLOCKS = YES;
				GCC_WARN_64_TO_32_BIT_CONVERSION = YES;
				GCC_WARN_ABOUT_RETURN_TYPE = YES_ERROR;
				GCC_WARN_UNDECLARED_SELECTOR = YES;
				GCC_WARN_UNINITIALIZED_AUTOS = YES_AGGRESSIVE;
				GCC_WARN_UNUSED_FUNCTION = YES;
				GCC_WARN_UNUSED_VARIABLE = YES;
				IPHONEOS_DEPLOYMENT_TARGET = 14.4;
				MTL_ENABLE_DEBUG_INFO = NO;
				MTL_FAST_MATH = YES;
				SDKROOT = iphoneos;
				SWIFT_COMPILATION_MODE = wholemodule;
				SWIFT_OPTIMIZATION_LEVEL = "-O";
				VALIDATE_PRODUCT = YES;
			};
			name = Release;
		};
		C34EC060274245C400BF25AD /* Debug */ = {
			isa = XCBuildConfiguration;
			buildSettings = {
				ASSETCATALOG_COMPILER_APPICON_NAME = AppIcon;
				ASSETCATALOG_COMPILER_GLOBAL_ACCENT_COLOR_NAME = AccentColor;
				CODE_SIGN_STYLE = Automatic;
				DEVELOPMENT_ASSET_PATHS = "\"DemoApp/Preview Content\"";
				ENABLE_PREVIEWS = YES;
				INFOPLIST_FILE = DemoApp/Info.plist;
				IPHONEOS_DEPLOYMENT_TARGET = 14.0;
				LD_RUNPATH_SEARCH_PATHS = (
					"$(inherited)",
					"@executable_path/Frameworks",
				);
				PRODUCT_BUNDLE_IDENTIFIER = NileshPhadtare.DemoApp;
				PRODUCT_NAME = "$(TARGET_NAME)";
				SWIFT_VERSION = 5.0;
				TARGETED_DEVICE_FAMILY = "1,2";
			};
			name = Debug;
		};
		C34EC061274245C400BF25AD /* Release */ = {
			isa = XCBuildConfiguration;
			buildSettings = {
				ASSETCATALOG_COMPILER_APPICON_NAME = AppIcon;
				ASSETCATALOG_COMPILER_GLOBAL_ACCENT_COLOR_NAME = AccentColor;
				CODE_SIGN_STYLE = Automatic;
				DEVELOPMENT_ASSET_PATHS = "\"DemoApp/Preview Content\"";
				ENABLE_PREVIEWS = YES;
				INFOPLIST_FILE = DemoApp/Info.plist;
				IPHONEOS_DEPLOYMENT_TARGET = 14.0;
				LD_RUNPATH_SEARCH_PATHS = (
					"$(inherited)",
					"@executable_path/Frameworks",
				);
				PRODUCT_BUNDLE_IDENTIFIER = NileshPhadtare.DemoApp;
				PRODUCT_NAME = "$(TARGET_NAME)";
				SWIFT_VERSION = 5.0;
				TARGETED_DEVICE_FAMILY = "1,2";
			};
			name = Release;
		};
/* End XCBuildConfiguration section */

/* Begin XCConfigurationList section */
		C34EC04B274245C000BF25AD /* Build configuration list for PBXProject "DemoApp" */ = {
			isa = XCConfigurationList;
			buildConfigurations = (
				C34EC05D274245C400BF25AD /* Debug */,
				C34EC05E274245C400BF25AD /* Release */,
			);
			defaultConfigurationIsVisible = 0;
			defaultConfigurationName = Release;
		};
		C34EC05F274245C400BF25AD /* Build configuration list for PBXNativeTarget "DemoApp" */ = {
			isa = XCConfigurationList;
			buildConfigurations = (
				C34EC060274245C400BF25AD /* Debug */,
				C34EC061274245C400BF25AD /* Release */,
			);
			defaultConfigurationIsVisible = 0;
			defaultConfigurationName = Release;
		};
/* End XCConfigurationList section */
	};
	rootObject = C34EC048274245C000BF25AD /* Project object */;
}
